
Microsoft Visual Studio Solution File, Format Version 12.00
# Visual Studio Version 17
VisualStudioVersion = 17.14.36623.8 d17.14
MinimumVisualStudioVersion = 10.0.40219.1
Project("{FAE04EC0-301F-11D3-BF4B-00C04F79EFBC}") = "0119trip", "0119trip\0119trip.csproj", "{F2DAD55B-00C7-4F78-917E-03BB39D49999}"
EndProject
Global
	GlobalSection(SolutionConfigurationPlatforms) = preSolution
		Debug|Any CPU = Debug|Any CPU
		Release|Any CPU = Release|Any CPU
	EndGlobalSection
	GlobalSection(ProjectConfigurationPlatforms) = postSolution
		{F2DAD55B-00C7-4F78-917E-03BB39D49999}.Debug|Any CPU.ActiveCfg = Debug|Any CPU
		{F2DAD55B-00C7-4F78-917E-03BB39D49999}.Debug|Any CPU.Build.0 = Debug|Any CPU
		{F2DAD55B-00C7-4F78-917E-03BB39D49999}.Release|Any CPU.ActiveCfg = Release|Any CPU
		{F2DAD55B-00C7-4F78-917E-03BB39D49999}.Release|Any CPU.Build.0 = Release|Any CPU
	EndGlobalSection
	GlobalSection(SolutionProperties) = preSolution
		HideSolutionNode = FALSE
	EndGlobalSection
	GlobalSection(ExtensibilityGlobals) = postSolution
		SolutionGuid = {EA542E54-DC27-41A5-94C5-85FE1164951C}
	EndGlobalSection
EndGlobal
